
Microsoft Visual Studio Solution File, Format Version 12.00
# Visual Studio Version 17
VisualStudioVersion = 17.0.32126.317
MinimumVisualStudioVersion = 10.0.40219.1
Project("{FAE04EC0-301F-11D3-BF4B-00C04F79EFBC}") = "Decorator", "Decorator\Decorator.csproj", "{62DA1E32-ADF5-49AF-B559-EA45D3F86235}"
EndProject
Global
	GlobalSection(SolutionConfigurationPlatforms) = preSolution
		Debug|Any CPU = Debug|Any CPU
		Release|Any CPU = Release|Any CPU
	EndGlobalSection
	GlobalSection(ProjectConfigurationPlatforms) = postSolution
		{62DA1E32-ADF5-49AF-B559-EA45D3F86235}.Debug|Any CPU.ActiveCfg = Debug|Any CPU
		{62DA1E32-ADF5-49AF-B559-EA45D3F86235}.Debug|Any CPU.Build.0 = Debug|Any CPU
		{62DA1E32-ADF5-49AF-B559-EA45D3F86235}.Release|Any CPU.ActiveCfg = Release|Any CPU
		{62DA1E32-ADF5-49AF-B559-EA45D3F86235}.Release|Any CPU.Build.0 = Release|Any CPU
	EndGlobalSection
	GlobalSection(SolutionProperties) = preSolution
		HideSolutionNode = FALSE
	EndGlobalSection
	GlobalSection(ExtensibilityGlobals) = postSolution
		SolutionGuid = {A73809AA-7B4F-4809-9F51-0BF02706B9D0}
	EndGlobalSection
EndGlobal
